// !$*UTF8*$!
{
	archiveVersion = 1;
	classes = {
	};
	objectVersion = 50;
	objects = {

/* Begin PBXBuildFile section */
		AB461D742553216E00BF263A /* InfoViewController.swift in Sources */ = {isa = PBXBuildFile; fileRef = AB461D732553216E00BF263A /* InfoViewController.swift */; };
		AB4E28B8255192A300C8D103 /* AppDelegate.swift in Sources */ = {isa = PBXBuildFile; fileRef = AB4E28B7255192A300C8D103 /* AppDelegate.swift */; };
		AB4E28BA255192A300C8D103 /* SceneDelegate.swift in Sources */ = {isa = PBXBuildFile; fileRef = AB4E28B9255192A300C8D103 /* SceneDelegate.swift */; };
		AB4E28BF255192A300C8D103 /* Main.storyboard in Resources */ = {isa = PBXBuildFile; fileRef = AB4E28BD255192A300C8D103 /* Main.storyboard */; };
		AB4E28C1255192A500C8D103 /* Assets.xcassets in Resources */ = {isa = PBXBuildFile; fileRef = AB4E28C0255192A500C8D103 /* Assets.xcassets */; };
		AB4E28C4255192A500C8D103 /* LaunchScreen.storyboard in Resources */ = {isa = PBXBuildFile; fileRef = AB4E28C2255192A500C8D103 /* LaunchScreen.storyboard */; };
		AB4E28CE2551948700C8D103 /* NamesTableViewController.swift in Sources */ = {isa = PBXBuildFile; fileRef = AB4E28CD2551948700C8D103 /* NamesTableViewController.swift */; };
		AB4E28D1255194B100C8D103 /* Person.swift in Sources */ = {isa = PBXBuildFile; fileRef = AB4E28D0255194B100C8D103 /* Person.swift */; };
		ABA6B43E2551A14F00E2AA9A /* DataManager.swift in Sources */ = {isa = PBXBuildFile; fileRef = ABA6B43D2551A14F00E2AA9A /* DataManager.swift */; };
		ABECDE872553261300D9F33C /* ContactsTableViewController.swift in Sources */ = {isa = PBXBuildFile; fileRef = ABECDE862553261300D9F33C /* ContactsTableViewController.swift */; };
/* End PBXBuildFile section */

/* Begin PBXFileReference section */
		AB461D732553216E00BF263A /* InfoViewController.swift */ = {isa = PBXFileReference; lastKnownFileType = sourcecode.swift; path = InfoViewController.swift; sourceTree = "<group>"; };
		AB4E28B4255192A300C8D103 /* Table View app.app */ = {isa = PBXFileReference; explicitFileType = wrapper.application; includeInIndex = 0; path = "Table View app.app"; sourceTree = BUILT_PRODUCTS_DIR; };
		AB4E28B7255192A300C8D103 /* AppDelegate.swift */ = {isa = PBXFileReference; lastKnownFileType = sourcecode.swift; path = AppDelegate.swift; sourceTree = "<group>"; };
		AB4E28B9255192A300C8D103 /* SceneDelegate.swift */ = {isa = PBXFileReference; lastKnownFileType = sourcecode.swift; path = SceneDelegate.swift; sourceTree = "<group>"; };
		AB4E28BE255192A300C8D103 /* Base */ = {isa = PBXFileReference; lastKnownFileType = file.storyboard; name = Base; path = Base.lproj/Main.storyboard; sourceTree = "<group>"; };
		AB4E28C0255192A500C8D103 /* Assets.xcassets */ = {isa = PBXFileReference; lastKnownFileType = folder.assetcatalog; path = Assets.xcassets; sourceTree = "<group>"; };
		AB4E28C3255192A500C8D103 /* Base */ = {isa = PBXFileReference; lastKnownFileType = file.storyboard; name = Base; path = Base.lproj/LaunchScreen.storyboard; sourceTree = "<group>"; };
		AB4E28C5255192A500C8D103 /* Info.plist */ = {isa = PBXFileReference; lastKnownFileType = text.plist.xml; path = Info.plist; sourceTree = "<group>"; };
		AB4E28CD2551948700C8D103 /* NamesTableViewController.swift */ = {isa = PBXFileReference; lastKnownFileType = sourcecode.swift; path = NamesTableViewController.swift; sourceTree = "<group>"; };
		AB4E28D0255194B100C8D103 /* Person.swift */ = {isa = PBXFileReference; lastKnownFileType = sourcecode.swift; path = Person.swift; sourceTree = "<group>"; };
		ABA6B43D2551A14F00E2AA9A /* DataManager.swift */ = {isa = PBXFileReference; lastKnownFileType = sourcecode.swift; path = DataManager.swift; sourceTree = "<group>"; };
		ABECDE862553261300D9F33C /* ContactsTableViewController.swift */ = {isa = PBXFileReference; lastKnownFileType = sourcecode.swift; path = ContactsTableViewController.swift; sourceTree = "<group>"; };
/* End PBXFileReference section */

/* Begin PBXFrameworksBuildPhase section */
		AB4E28B1255192A300C8D103 /* Frameworks */ = {
			isa = PBXFrameworksBuildPhase;
			buildActionMask = 2147483647;
			files = (
			);
			runOnlyForDeploymentPostprocessing = 0;
		};
/* End PBXFrameworksBuildPhase section */

/* Begin PBXGroup section */
		AB4E28AB255192A300C8D103 = {
			isa = PBXGroup;
			children = (
				AB4E28B6255192A300C8D103 /* Table View app */,
				AB4E28B5255192A300C8D103 /* Products */,
			);
			sourceTree = "<group>";
		};
		AB4E28B5255192A300C8D103 /* Products */ = {
			isa = PBXGroup;
			children = (
				AB4E28B4255192A300C8D103 /* Table View app.app */,
			);
			name = Products;
			sourceTree = "<group>";
		};
		AB4E28B6255192A300C8D103 /* Table View app */ = {
			isa = PBXGroup;
			children = (
				ABB7F900255365F000F6585A /* SupportFiles */,
				ABB7F8FE255365C700F6585A /* Storyboards */,
				ABECDE9125534E4D00D9F33C /* ViewControllers */,
				ABECDE8F25534E3700D9F33C /* Model */,
			);
			path = "Table View app";
			sourceTree = "<group>";
		};
		ABB7F8FE255365C700F6585A /* Storyboards */ = {
			isa = PBXGroup;
			children = (
				AB4E28BD255192A300C8D103 /* Main.storyboard */,
				AB4E28C2255192A500C8D103 /* LaunchScreen.storyboard */,
			);
			path = Storyboards;
			sourceTree = "<group>";
		};
		ABB7F900255365F000F6585A /* SupportFiles */ = {
			isa = PBXGroup;
			children = (
				AB4E28B7255192A300C8D103 /* AppDelegate.swift */,
				AB4E28B9255192A300C8D103 /* SceneDelegate.swift */,
				AB4E28C0255192A500C8D103 /* Assets.xcassets */,
				AB4E28C5255192A500C8D103 /* Info.plist */,
			);
			path = SupportFiles;
			sourceTree = "<group>";
		};
		ABECDE8F25534E3700D9F33C /* Model */ = {
			isa = PBXGroup;
			children = (
				AB4E28D0255194B100C8D103 /* Person.swift */,
				ABA6B43D2551A14F00E2AA9A /* DataManager.swift */,
			);
			path = Model;
			sourceTree = "<group>";
		};
		ABECDE9125534E4D00D9F33C /* ViewControllers */ = {
			isa = PBXGroup;
			children = (
				ABECDE862553261300D9F33C /* ContactsTableViewController.swift */,
				AB461D732553216E00BF263A /* InfoViewController.swift */,
				AB4E28CD2551948700C8D103 /* NamesTableViewController.swift */,
			);
			path = ViewControllers;
			sourceTree = "<group>";
		};
/* End PBXGroup section */

/* Begin PBXNativeTarget section */
		AB4E28B3255192A300C8D103 /* Table View app */ = {
			isa = PBXNativeTarget;
			buildConfigurationList = AB4E28C8255192A500C8D103 /* Build configuration list for PBXNativeTarget "Table View app" */;
			buildPhases = (
				AB4E28B0255192A300C8D103 /* Sources */,
				AB4E28B1255192A300C8D103 /* Frameworks */,
				AB4E28B2255192A300C8D103 /* Resources */,
			);
			buildRules = (
			);
			dependencies = (
			);
			name = "Table View app";
			productName = "Table View app";
			productReference = AB4E28B4255192A300C8D103 /* Table View app.app */;
			productType = "com.apple.product-type.application";
		};
/* End PBXNativeTarget section */

/* Begin PBXProject section */
		AB4E28AC255192A300C8D103 /* Project object */ = {
			isa = PBXProject;
			attributes = {
				LastSwiftUpdateCheck = 1200;
				LastUpgradeCheck = 1200;
				TargetAttributes = {
					AB4E28B3255192A300C8D103 = {
						CreatedOnToolsVersion = 12.0;
					};
				};
			};
			buildConfigurationList = AB4E28AF255192A300C8D103 /* Build configuration list for PBXProject "Table View app" */;
			compatibilityVersion = "Xcode 9.3";
			developmentRegion = en;
			hasScannedForEncodings = 0;
			knownRegions = (
				en,
				Base,
			);
			mainGroup = AB4E28AB255192A300C8D103;
			productRefGroup = AB4E28B5255192A300C8D103 /* Products */;
			projectDirPath = "";
			projectRoot = "";
			targets = (
				AB4E28B3255192A300C8D103 /* Table View app */,
			);
		};
/* End PBXProject section */

/* Begin PBXResourcesBuildPhase section */
		AB4E28B2255192A300C8D103 /* Resources */ = {
			isa = PBXResourcesBuildPhase;
			buildActionMask = 2147483647;
			files = (
				AB4E28C4255192A500C8D103 /* LaunchScreen.storyboard in Resources */,
				AB4E28C1255192A500C8D103 /* Assets.xcassets in Resources */,
				AB4E28BF255192A300C8D103 /* Main.storyboard in Resources */,
			);
			runOnlyForDeploymentPostprocessing = 0;
		};
/* End PBXResourcesBuildPhase section */

/* Begin PBXSourcesBuildPhase section */
		AB4E28B0255192A300C8D103 /* Sources */ = {
			isa = PBXSourcesBuildPhase;
			buildActionMask = 2147483647;
			files = (
				AB4E28B8255192A300C8D103 /* AppDelegate.swift in Sources */,
				ABA6B43E2551A14F00E2AA9A /* DataManager.swift in Sources */,
				AB4E28CE2551948700C8D103 /* NamesTableViewController.swift in Sources */,
				AB4E28D1255194B100C8D103 /* Person.swift in Sources */,
				AB461D742553216E00BF263A /* InfoViewController.swift in Sources */,
				AB4E28BA255192A300C8D103 /* SceneDelegate.swift in Sources */,
				ABECDE872553261300D9F33C /* ContactsTableViewController.swift in Sources */,
			);
			runOnlyForDeploymentPostprocessing = 0;
		};
/* End PBXSourcesBuildPhase section */

/* Begin PBXVariantGroup section */
		AB4E28BD255192A300C8D103 /* Main.storyboard */ = {
			isa = PBXVariantGroup;
			children = (
				AB4E28BE255192A300C8D103 /* Base */,
			);
			name = Main.storyboard;
			sourceTree = "<group>";
		};
		AB4E28C2255192A500C8D103 /* LaunchScreen.storyboard */ = {
			isa = PBXVariantGroup;
			children = (
				AB4E28C3255192A500C8D103 /* Base */,
			);
			name = LaunchScreen.storyboard;
			sourceTree = "<group>";
		};
/* End PBXVariantGroup section */

/* Begin XCBuildConfiguration section */
		AB4E28C6255192A500C8D103 /* Debug */ = {
			isa = XCBuildConfiguration;
			buildSettings = {
				ALWAYS_SEARCH_USER_PATHS = NO;
				CLANG_ANALYZER_NONNULL = YES;
				CLANG_ANALYZER_NUMBER_OBJECT_CONVERSION = YES_AGGRESSIVE;
				CLANG_CXX_LANGUAGE_STANDARD = "gnu++14";
				CLANG_CXX_LIBRARY = "libc++";
				CLANG_ENABLE_MODULES = YES;
				CLANG_ENABLE_OBJC_ARC = YES;
				CLANG_ENABLE_OBJC_WEAK = YES;
				CLANG_WARN_BLOCK_CAPTURE_AUTORELEASING = YES;
				CLANG_WARN_BOOL_CONVERSION = YES;
				CLANG_WARN_COMMA = YES;
				CLANG_WARN_CONSTANT_CONVERSION = YES;
				CLANG_WARN_DEPRECATED_OBJC_IMPLEMENTATIONS = YES;
				CLANG_WARN_DIRECT_OBJC_ISA_USAGE = YES_ERROR;
				CLANG_WARN_DOCUMENTATION_COMMENTS = YES;
				CLANG_WARN_EMPTY_BODY = YES;
				CLANG_WARN_ENUM_CONVERSION = YES;
				CLANG_WARN_INFINITE_RECURSION = YES;
				CLANG_WARN_INT_CONVERSION = YES;
				CLANG_WARN_NON_LITERAL_NULL_CONVERSION = YES;
				CLANG_WARN_OBJC_IMPLICIT_RETAIN_SELF = YES;
				CLANG_WARN_OBJC_LITERAL_CONVERSION = YES;
				CLANG_WARN_OBJC_ROOT_CLASS = YES_ERROR;
				CLANG_WARN_QUOTED_INCLUDE_IN_FRAMEWORK_HEADER = YES;
				CLANG_WARN_RANGE_LOOP_ANALYSIS = YES;
				CLANG_WARN_STRICT_PROTOTYPES = YES;
				CLANG_WARN_SUSPICIOUS_MOVE = YES;
				CLANG_WARN_UNGUARDED_AVAILABILITY = YES_AGGRESSIVE;
				CLANG_WARN_UNREACHABLE_CODE = YES;
				CLANG_WARN__DUPLICATE_METHOD_MATCH = YES;
				COPY_PHASE_STRIP = NO;
				DEBUG_INFORMATION_FORMAT = dwarf;
				ENABLE_STRICT_OBJC_MSGSEND = YES;
				ENABLE_TESTABILITY = YES;
				GCC_C_LANGUAGE_STANDARD = gnu11;
				GCC_DYNAMIC_NO_PIC = NO;
				GCC_NO_COMMON_BLOCKS = YES;
				GCC_OPTIMIZATION_LEVEL = 0;
				GCC_PREPROCESSOR_DEFINITIONS = (
					"DEBUG=1",
					"$(inherited)",
				);
				GCC_WARN_64_TO_32_BIT_CONVERSION = YES;
				GCC_WARN_ABOUT_RETURN_TYPE = YES_ERROR;
				GCC_WARN_UNDECLARED_SELECTOR = YES;
				GCC_WARN_UNINITIALIZED_AUTOS = YES_AGGRESSIVE;
				GCC_WARN_UNUSED_FUNCTION = YES;
				GCC_WARN_UNUSED_VARIABLE = YES;
				IPHONEOS_DEPLOYMENT_TARGET = 14.0;
				MTL_ENABLE_DEBUG_INFO = INCLUDE_SOURCE;
				MTL_FAST_MATH = YES;
				ONLY_ACTIVE_ARCH = YES;
				SDKROOT = iphoneos;
				SWIFT_ACTIVE_COMPILATION_CONDITIONS = DEBUG;
				SWIFT_OPTIMIZATION_LEVEL = "-Onone";
			};
			name = Debug;
		};
		AB4E28C7255192A500C8D103 /* Release */ = {
			isa = XCBuildConfiguration;
			buildSettings = {
				ALWAYS_SEARCH_USER_PATHS = NO;
				CLANG_ANALYZER_NONNULL = YES;
				CLANG_ANALYZER_NUMBER_OBJECT_CONVERSION = YES_AGGRESSIVE;
				CLANG_CXX_LANGUAGE_STANDARD = "gnu++14";
				CLANG_CXX_LIBRARY = "libc++";
				CLANG_ENABLE_MODULES = YES;
				CLANG_ENABLE_OBJC_ARC = YES;
				CLANG_ENABLE_OBJC_WEAK = YES;
				CLANG_WARN_BLOCK_CAPTURE_AUTORELEASING = YES;
				CLANG_WARN_BOOL_CONVERSION = YES;
				CLANG_WARN_COMMA = YES;
				CLANG_WARN_CONSTANT_CONVERSION = YES;
				CLANG_WARN_DEPRECATED_OBJC_IMPLEMENTATIONS = YES;
				CLANG_WARN_DIRECT_OBJC_ISA_USAGE = YES_ERROR;
				CLANG_WARN_DOCUMENTATION_COMMENTS = YES;
				CLANG_WARN_EMPTY_BODY = YES;
				CLANG_WARN_ENUM_CONVERSION = YES;
				CLANG_WARN_INFINITE_RECURSION = YES;
				CLANG_WARN_INT_CONVERSION = YES;
				CLANG_WARN_NON_LITERAL_NULL_CONVERSION = YES;
				CLANG_WARN_OBJC_IMPLICIT_RETAIN_SELF = YES;
				CLANG_WARN_OBJC_LITERAL_CONVERSION = YES;
				CLANG_WARN_OBJC_ROOT_CLASS = YES_ERROR;
				CLANG_WARN_QUOTED_INCLUDE_IN_FRAMEWORK_HEADER = YES;
				CLANG_WARN_RANGE_LOOP_ANALYSIS = YES;
				CLANG_WARN_STRICT_PROTOTYPES = YES;
				CLANG_WARN_SUSPICIOUS_MOVE = YES;
				CLANG_WARN_UNGUARDED_AVAILABILITY = YES_AGGRESSIVE;
				CLANG_WARN_UNREACHABLE_CODE = YES;
				CLANG_WARN__DUPLICATE_METHOD_MATCH = YES;
				COPY_PHASE_STRIP = NO;
				DEBUG_INFORMATION_FORMAT = "dwarf-with-dsym";
				ENABLE_NS_ASSERTIONS = NO;
				ENABLE_STRICT_OBJC_MSGSEND = YES;
				GCC_C_LANGUAGE_STANDARD = gnu11;
				GCC_NO_COMMON_BLOCKS = YES;
				GCC_WARN_64_TO_32_BIT_CONVERSION = YES;
				GCC_WARN_ABOUT_RETURN_TYPE = YES_ERROR;
				GCC_WARN_UNDECLARED_SELECTOR = YES;
				GCC_WARN_UNINITIALIZED_AUTOS = YES_AGGRESSIVE;
				GCC_WARN_UNUSED_FUNCTION = YES;
				GCC_WARN_UNUSED_VARIABLE = YES;
				IPHONEOS_DEPLOYMENT_TARGET = 14.0;
				MTL_ENABLE_DEBUG_INFO = NO;
				MTL_FAST_MATH = YES;
				SDKROOT = iphoneos;
				SWIFT_COMPILATION_MODE = wholemodule;
				SWIFT_OPTIMIZATION_LEVEL = "-O";
				VALIDATE_PRODUCT = YES;
			};
			name = Release;
		};
		AB4E28C9255192A500C8D103 /* Debug */ = {
			isa = XCBuildConfiguration;
			buildSettings = {
				ASSETCATALOG_COMPILER_APPICON_NAME = AppIcon;
				ASSETCATALOG_COMPILER_GLOBAL_ACCENT_COLOR_NAME = AccentColor;
				CODE_SIGN_STYLE = Automatic;
				DEVELOPMENT_TEAM = F44823RK6H;
				INFOPLIST_FILE = "Table View app/SupportFiles/Info.plist";
				LD_RUNPATH_SEARCH_PATHS = (
					"$(inherited)",
					"@executable_path/Frameworks",
				);
				PRODUCT_BUNDLE_IDENTIFIER = "rlt202.Table-View-app";
				PRODUCT_NAME = "$(TARGET_NAME)";
				SWIFT_VERSION = 5.0;
				TARGETED_DEVICE_FAMILY = 1;
			};
			name = Debug;
		};
		AB4E28CA255192A500C8D103 /* Release */ = {
			isa = XCBuildConfiguration;
			buildSettings = {
				ASSETCATALOG_COMPILER_APPICON_NAME = AppIcon;
				ASSETCATALOG_COMPILER_GLOBAL_ACCENT_COLOR_NAME = AccentColor;
				CODE_SIGN_STYLE = Automatic;
				DEVELOPMENT_TEAM = F44823RK6H;
				INFOPLIST_FILE = "Table View app/SupportFiles/Info.plist";
				LD_RUNPATH_SEARCH_PATHS = (
					"$(inherited)",
					"@executable_path/Frameworks",
				);
				PRODUCT_BUNDLE_IDENTIFIER = "rlt202.Table-View-app";
				PRODUCT_NAME = "$(TARGET_NAME)";
				SWIFT_VERSION = 5.0;
				TARGETED_DEVICE_FAMILY = 1;
			};
			name = Release;
		};
/* End XCBuildConfiguration section */

/* Begin XCConfigurationList section */
		AB4E28AF255192A300C8D103 /* Build configuration list for PBXProject "Table View app" */ = {
			isa = XCConfigurationList;
			buildConfigurations = (
				AB4E28C6255192A500C8D103 /* Debug */,
				AB4E28C7255192A500C8D103 /* Release */,
			);
			defaultConfigurationIsVisible = 0;
			defaultConfigurationName = Release;
		};
		AB4E28C8255192A500C8D103 /* Build configuration list for PBXNativeTarget "Table View app" */ = {
			isa = XCConfigurationList;
			buildConfigurations = (
				AB4E28C9255192A500C8D103 /* Debug */,
				AB4E28CA255192A500C8D103 /* Release */,
			);
			defaultConfigurationIsVisible = 0;
			defaultConfigurationName = Release;
		};
/* End XCConfigurationList section */
	};
	rootObject = AB4E28AC255192A300C8D103 /* Project object */;
}
